// !$*UTF8*$!
{
	archiveVersion = 1;
	classes = {
	};
	objectVersion = 46;
	objects = {

/* Begin PBXBuildFile section */
		BCAFB0E51DD5E37600A61195 /* main.m in Sources */ = {isa = PBXBuildFile; fileRef = BCAFB0E41DD5E37600A61195 /* main.m */; };
		BCAFB0E81DD5E37600A61195 /* AppDelegate.m in Sources */ = {isa = PBXBuildFile; fileRef = BCAFB0E71DD5E37600A61195 /* AppDelegate.m */; };
		BCAFB0EB1DD5E37600A61195 /* ViewController.m in Sources */ = {isa = PBXBuildFile; fileRef = BCAFB0EA1DD5E37600A61195 /* ViewController.m */; };
		BCAFB0EE1DD5E37600A61195 /* Main.storyboard in Resources */ = {isa = PBXBuildFile; fileRef = BCAFB0EC1DD5E37600A61195 /* Main.storyboard */; };
		BCAFB0F01DD5E37600A61195 /* Assets.xcassets in Resources */ = {isa = PBXBuildFile; fileRef = BCAFB0EF1DD5E37600A61195 /* Assets.xcassets */; };
		BCAFB0F31DD5E37600A61195 /* LaunchScreen.storyboard in Resources */ = {isa = PBXBuildFile; fileRef = BCAFB0F11DD5E37600A61195 /* LaunchScreen.storyboard */; };
		BCAFB0FD1DD5E44C00A61195 /* UIImage+KYCategory.m in Sources */ = {isa = PBXBuildFile; fileRef = BCAFB0FC1DD5E44C00A61195 /* UIImage+KYCategory.m */; };
/* End PBXBuildFile section */

/* Begin PBXFileReference section */
		BCAFB0E01DD5E37600A61195 /* UIImage+KYCategory_DEMO.app */ = {isa = PBXFileReference; explicitFileType = wrapper.application; includeInIndex = 0; path = "UIImage+KYCategory_DEMO.app"; sourceTree = BUILT_PRODUCTS_DIR; };
		BCAFB0E41DD5E37600A61195 /* main.m */ = {isa = PBXFileReference; lastKnownFileType = sourcecode.c.objc; path = main.m; sourceTree = "<group>"; };
		BCAFB0E61DD5E37600A61195 /* AppDelegate.h */ = {isa = PBXFileReference; lastKnownFileType = sourcecode.c.h; path = AppDelegate.h; sourceTree = "<group>"; };
		BCAFB0E71DD5E37600A61195 /* AppDelegate.m */ = {isa = PBXFileReference; lastKnownFileType = sourcecode.c.objc; path = AppDelegate.m; sourceTree = "<group>"; };
		BCAFB0E91DD5E37600A61195 /* ViewController.h */ = {isa = PBXFileReference; lastKnownFileType = sourcecode.c.h; path = ViewController.h; sourceTree = "<group>"; };
		BCAFB0EA1DD5E37600A61195 /* ViewController.m */ = {isa = PBXFileReference; lastKnownFileType = sourcecode.c.objc; path = ViewController.m; sourceTree = "<group>"; };
		BCAFB0ED1DD5E37600A61195 /* Base */ = {isa = PBXFileReference; lastKnownFileType = file.storyboard; name = Base; path = Base.lproj/Main.storyboard; sourceTree = "<group>"; };
		BCAFB0EF1DD5E37600A61195 /* Assets.xcassets */ = {isa = PBXFileReference; lastKnownFileType = folder.assetcatalog; path = Assets.xcassets; sourceTree = "<group>"; };
		BCAFB0F21DD5E37600A61195 /* Base */ = {isa = PBXFileReference; lastKnownFileType = file.storyboard; name = Base; path = Base.lproj/LaunchScreen.storyboard; sourceTree = "<group>"; };
		BCAFB0F41DD5E37600A61195 /* Info.plist */ = {isa = PBXFileReference; lastKnownFileType = text.plist.xml; path = Info.plist; sourceTree = "<group>"; };
		BCAFB0FB1DD5E44C00A61195 /* UIImage+KYCategory.h */ = {isa = PBXFileReference; fileEncoding = 4; lastKnownFileType = sourcecode.c.h; path = "UIImage+KYCategory.h"; sourceTree = "<group>"; };
		BCAFB0FC1DD5E44C00A61195 /* UIImage+KYCategory.m */ = {isa = PBXFileReference; fileEncoding = 4; lastKnownFileType = sourcecode.c.objc; path = "UIImage+KYCategory.m"; sourceTree = "<group>"; };
/* End PBXFileReference section */

/* Begin PBXFrameworksBuildPhase section */
		BCAFB0DD1DD5E37600A61195 /* Frameworks */ = {
			isa = PBXFrameworksBuildPhase;
			buildActionMask = 2147483647;
			files = (
			);
			runOnlyForDeploymentPostprocessing = 0;
		};
/* End PBXFrameworksBuildPhase section */

/* Begin PBXGroup section */
		BCAFB0D71DD5E37600A61195 = {
			isa = PBXGroup;
			children = (
				BCAFB0E21DD5E37600A61195 /* UIImage+KYCategory_DEMO */,
				BCAFB0E11DD5E37600A61195 /* Products */,
			);
			sourceTree = "<group>";
		};
		BCAFB0E11DD5E37600A61195 /* Products */ = {
			isa = PBXGroup;
			children = (
				BCAFB0E01DD5E37600A61195 /* UIImage+KYCategory_DEMO.app */,
			);
			name = Products;
			sourceTree = "<group>";
		};
		BCAFB0E21DD5E37600A61195 /* UIImage+KYCategory_DEMO */ = {
			isa = PBXGroup;
			children = (
				BCAFB0FA1DD5E42A00A61195 /* KYCategory */,
				BCAFB0E61DD5E37600A61195 /* AppDelegate.h */,
				BCAFB0E71DD5E37600A61195 /* AppDelegate.m */,
				BCAFB0E91DD5E37600A61195 /* ViewController.h */,
				BCAFB0EA1DD5E37600A61195 /* ViewController.m */,
				BCAFB0EC1DD5E37600A61195 /* Main.storyboard */,
				BCAFB0EF1DD5E37600A61195 /* Assets.xcassets */,
				BCAFB0F11DD5E37600A61195 /* LaunchScreen.storyboard */,
				BCAFB0F41DD5E37600A61195 /* Info.plist */,
				BCAFB0E31DD5E37600A61195 /* Supporting Files */,
			);
			path = "UIImage+KYCategory_DEMO";
			sourceTree = "<group>";
		};
		BCAFB0E31DD5E37600A61195 /* Supporting Files */ = {
			isa = PBXGroup;
			children = (
				BCAFB0E41DD5E37600A61195 /* main.m */,
			);
			name = "Supporting Files";
			sourceTree = "<group>";
		};
		BCAFB0FA1DD5E42A00A61195 /* KYCategory */ = {
			isa = PBXGroup;
			children = (
				BCAFB0FB1DD5E44C00A61195 /* UIImage+KYCategory.h */,
				BCAFB0FC1DD5E44C00A61195 /* UIImage+KYCategory.m */,
			);
			name = KYCategory;
			path = ../../KYCategory;
			sourceTree = "<group>";
		};
/* End PBXGroup section */

/* Begin PBXNativeTarget section */
		BCAFB0DF1DD5E37600A61195 /* UIImage+KYCategory_DEMO */ = {
			isa = PBXNativeTarget;
			buildConfigurationList = BCAFB0F71DD5E37600A61195 /* Build configuration list for PBXNativeTarget "UIImage+KYCategory_DEMO" */;
			buildPhases = (
				BCAFB0DC1DD5E37600A61195 /* Sources */,
				BCAFB0DD1DD5E37600A61195 /* Frameworks */,
				BCAFB0DE1DD5E37600A61195 /* Resources */,
			);
			buildRules = (
			);
			dependencies = (
			);
			name = "UIImage+KYCategory_DEMO";
			productName = "UIImage+KYCategory_DEMO";
			productReference = BCAFB0E01DD5E37600A61195 /* UIImage+KYCategory_DEMO.app */;
			productType = "com.apple.product-type.application";
		};
/* End PBXNativeTarget section */

/* Begin PBXProject section */
		BCAFB0D81DD5E37600A61195 /* Project object */ = {
			isa = PBXProject;
			attributes = {
				CLASSPREFIX = KY;
				LastUpgradeCheck = 0810;
				ORGANIZATIONNAME = "UIImage+KYCategory   Software (https://github.com/kingly09/UIImage-KYCategory) by kingly inc.\n\n//\n// Permission is hereby granted, free of charge, to any person obtaining a copy\n// of this software and associated documentation files (the \"Software\"), to deal\n// in the Software without restriction, including without limitation the rights\n// to use, copy, modify, merge, publish, distribute, sublicense, and/or sell\n// copies of the Software, and to permit persons to whom the Software is\n// furnished to do so, subject to the following conditions:\n//\n// The above copyright notice and this permission notice shall be included in\n// all copies or substantial portions of the Software.\n//\n// THE SOFTWARE IS PROVIDED \"AS IS\", WITHOUT WARRANTY OF ANY KIND, EXPRESS OR\n// IMPLIED, INCLUDING BUT NOT LIMITED TO THE WARRANTIES OF MERCHANTABILITY,\n// FITNESS FOR A PARTICULAR PURPOSE AND NONINFRINGEMENT. IN NO EVENT SHALL THE\n// AUTHORS OR COPYRIGHT HOLDERS BE LIABLE FOR ANY CLAIM, DAMAGES OR OTHER\n// LIABILITY, WHETHER IN AN ACTION OF CONTRACT, TORT OR OTHERWISE, ARISING FROM,\n// OUT OF OR IN CONNECTION WITH THE SOFTWARE OR THE USE OR OTHER DEALINGS IN\n// THE SOFTWARE.";
				TargetAttributes = {
					BCAFB0DF1DD5E37600A61195 = {
						CreatedOnToolsVersion = 8.1;
						DevelopmentTeam = V446K9WVQL;
						ProvisioningStyle = Automatic;
					};
				};
			};
			buildConfigurationList = BCAFB0DB1DD5E37600A61195 /* Build configuration list for PBXProject "UIImage+KYCategory_DEMO" */;
			compatibilityVersion = "Xcode 3.2";
			developmentRegion = English;
			hasScannedForEncodings = 0;
			knownRegions = (
				en,
				Base,
			);
			mainGroup = BCAFB0D71DD5E37600A61195;
			productRefGroup = BCAFB0E11DD5E37600A61195 /* Products */;
			projectDirPath = "";
			projectRoot = "";
			targets = (
				BCAFB0DF1DD5E37600A61195 /* UIImage+KYCategory_DEMO */,
			);
		};
/* End PBXProject section */

/* Begin PBXResourcesBuildPhase section */
		BCAFB0DE1DD5E37600A61195 /* Resources */ = {
			isa = PBXResourcesBuildPhase;
			buildActionMask = 2147483647;
			files = (
				BCAFB0F31DD5E37600A61195 /* LaunchScreen.storyboard in Resources */,
				BCAFB0F01DD5E37600A61195 /* Assets.xcassets in Resources */,
				BCAFB0EE1DD5E37600A61195 /* Main.storyboard in Resources */,
			);
			runOnlyForDeploymentPostprocessing = 0;
		};
/* End PBXResourcesBuildPhase section */

/* Begin PBXSourcesBuildPhase section */
		BCAFB0DC1DD5E37600A61195 /* Sources */ = {
			isa = PBXSourcesBuildPhase;
			buildActionMask = 2147483647;
			files = (
				BCAFB0EB1DD5E37600A61195 /* ViewController.m in Sources */,
				BCAFB0FD1DD5E44C00A61195 /* UIImage+KYCategory.m in Sources */,
				BCAFB0E81DD5E37600A61195 /* AppDelegate.m in Sources */,
				BCAFB0E51DD5E37600A61195 /* main.m in Sources */,
			);
			runOnlyForDeploymentPostprocessing = 0;
		};
/* End PBXSourcesBuildPhase section */

/* Begin PBXVariantGroup section */
		BCAFB0EC1DD5E37600A61195 /* Main.storyboard */ = {
			isa = PBXVariantGroup;
			children = (
				BCAFB0ED1DD5E37600A61195 /* Base */,
			);
			name = Main.storyboard;
			sourceTree = "<group>";
		};
		BCAFB0F11DD5E37600A61195 /* LaunchScreen.storyboard */ = {
			isa = PBXVariantGroup;
			children = (
				BCAFB0F21DD5E37600A61195 /* Base */,
			);
			name = LaunchScreen.storyboard;
			sourceTree = "<group>";
		};
/* End PBXVariantGroup section */

/* Begin XCBuildConfiguration section */
		BCAFB0F51DD5E37600A61195 /* Debug */ = {
			isa = XCBuildConfiguration;
			buildSettings = {
				ALWAYS_SEARCH_USER_PATHS = NO;
				CLANG_ANALYZER_NONNULL = YES;
				CLANG_CXX_LANGUAGE_STANDARD = "gnu++0x";
				CLANG_CXX_LIBRARY = "libc++";
				CLANG_ENABLE_MODULES = YES;
				CLANG_ENABLE_OBJC_ARC = YES;
				CLANG_WARN_BOOL_CONVERSION = YES;
				CLANG_WARN_CONSTANT_CONVERSION = YES;
				CLANG_WARN_DIRECT_OBJC_ISA_USAGE = YES_ERROR;
				CLANG_WARN_DOCUMENTATION_COMMENTS = YES;
				CLANG_WARN_EMPTY_BODY = YES;
				CLANG_WARN_ENUM_CONVERSION = YES;
				CLANG_WARN_INFINITE_RECURSION = YES;
				CLANG_WARN_INT_CONVERSION = YES;
				CLANG_WARN_OBJC_ROOT_CLASS = YES_ERROR;
				CLANG_WARN_SUSPICIOUS_MOVES = YES;
				CLANG_WARN_UNREACHABLE_CODE = YES;
				CLANG_WARN__DUPLICATE_METHOD_MATCH = YES;
				"CODE_SIGN_IDENTITY[sdk=iphoneos*]" = "iPhone Developer";
				COPY_PHASE_STRIP = NO;
				DEBUG_INFORMATION_FORMAT = dwarf;
				ENABLE_STRICT_OBJC_MSGSEND = YES;
				ENABLE_TESTABILITY = YES;
				GCC_C_LANGUAGE_STANDARD = gnu99;
				GCC_DYNAMIC_NO_PIC = NO;
				GCC_NO_COMMON_BLOCKS = YES;
				GCC_OPTIMIZATION_LEVEL = 0;
				GCC_PREPROCESSOR_DEFINITIONS = (
					"DEBUG=1",
					"$(inherited)",
				);
				GCC_WARN_64_TO_32_BIT_CONVERSION = YES;
				GCC_WARN_ABOUT_RETURN_TYPE = YES_ERROR;
				GCC_WARN_UNDECLARED_SELECTOR = YES;
				GCC_WARN_UNINITIALIZED_AUTOS = YES_AGGRESSIVE;
				GCC_WARN_UNUSED_FUNCTION = YES;
				GCC_WARN_UNUSED_VARIABLE = YES;
				IPHONEOS_DEPLOYMENT_TARGET = 10.1;
				MTL_ENABLE_DEBUG_INFO = YES;
				ONLY_ACTIVE_ARCH = YES;
				SDKROOT = iphoneos;
				TARGETED_DEVICE_FAMILY = "1,2";
			};
			name = Debug;
		};
		BCAFB0F61DD5E37600A61195 /* Release */ = {
			isa = XCBuildConfiguration;
			buildSettings = {
				ALWAYS_SEARCH_USER_PATHS = NO;
				CLANG_ANALYZER_NONNULL = YES;
				CLANG_CXX_LANGUAGE_STANDARD = "gnu++0x";
				CLANG_CXX_LIBRARY = "libc++";
				CLANG_ENABLE_MODULES = YES;
				CLANG_ENABLE_OBJC_ARC = YES;
				CLANG_WARN_BOOL_CONVERSION = YES;
				CLANG_WARN_CONSTANT_CONVERSION = YES;
				CLANG_WARN_DIRECT_OBJC_ISA_USAGE = YES_ERROR;
				CLANG_WARN_DOCUMENTATION_COMMENTS = YES;
				CLANG_WARN_EMPTY_BODY = YES;
				CLANG_WARN_ENUM_CONVERSION = YES;
				CLANG_WARN_INFINITE_RECURSION = YES;
				CLANG_WARN_INT_CONVERSION = YES;
				CLANG_WARN_OBJC_ROOT_CLASS = YES_ERROR;
				CLANG_WARN_SUSPICIOUS_MOVES = YES;
				CLANG_WARN_UNREACHABLE_CODE = YES;
				CLANG_WARN__DUPLICATE_METHOD_MATCH = YES;
				"CODE_SIGN_IDENTITY[sdk=iphoneos*]" = "iPhone Developer";
				COPY_PHASE_STRIP = NO;
				DEBUG_INFORMATION_FORMAT = "dwarf-with-dsym";
				ENABLE_NS_ASSERTIONS = NO;
				ENABLE_STRICT_OBJC_MSGSEND = YES;
				GCC_C_LANGUAGE_STANDARD = gnu99;
				GCC_NO_COMMON_BLOCKS = YES;
				GCC_WARN_64_TO_32_BIT_CONVERSION = YES;
				GCC_WARN_ABOUT_RETURN_TYPE = YES_ERROR;
				GCC_WARN_UNDECLARED_SELECTOR = YES;
				GCC_WARN_UNINITIALIZED_AUTOS = YES_AGGRESSIVE;
				GCC_WARN_UNUSED_FUNCTION = YES;
				GCC_WARN_UNUSED_VARIABLE = YES;
				IPHONEOS_DEPLOYMENT_TARGET = 10.1;
				MTL_ENABLE_DEBUG_INFO = NO;
				SDKROOT = iphoneos;
				TARGETED_DEVICE_FAMILY = "1,2";
				VALIDATE_PRODUCT = YES;
			};
			name = Release;
		};
		BCAFB0F81DD5E37600A61195 /* Debug */ = {
			isa = XCBuildConfiguration;
			buildSettings = {
				ASSETCATALOG_COMPILER_APPICON_NAME = AppIcon;
				DEVELOPMENT_TEAM = V446K9WVQL;
				INFOPLIST_FILE = "UIImage+KYCategory_DEMO/Info.plist";
				IPHONEOS_DEPLOYMENT_TARGET = 7.0;
				LD_RUNPATH_SEARCH_PATHS = "$(inherited) @executable_path/Frameworks";
				PRODUCT_BUNDLE_IDENTIFIER = "com.kingly09.UIImage-KYCategory-DEMO";
				PRODUCT_NAME = "$(TARGET_NAME)";
			};
			name = Debug;
		};
		BCAFB0F91DD5E37600A61195 /* Release */ = {
			isa = XCBuildConfiguration;
			buildSettings = {
				ASSETCATALOG_COMPILER_APPICON_NAME = AppIcon;
				DEVELOPMENT_TEAM = V446K9WVQL;
				INFOPLIST_FILE = "UIImage+KYCategory_DEMO/Info.plist";
				IPHONEOS_DEPLOYMENT_TARGET = 7.0;
				LD_RUNPATH_SEARCH_PATHS = "$(inherited) @executable_path/Frameworks";
				PRODUCT_BUNDLE_IDENTIFIER = "com.kingly09.UIImage-KYCategory-DEMO";
				PRODUCT_NAME = "$(TARGET_NAME)";
			};
			name = Release;
		};
/* End XCBuildConfiguration section */

/* Begin XCConfigurationList section */
		BCAFB0DB1DD5E37600A61195 /* Build configuration list for PBXProject "UIImage+KYCategory_DEMO" */ = {
			isa = XCConfigurationList;
			buildConfigurations = (
				BCAFB0F51DD5E37600A61195 /* Debug */,
				BCAFB0F61DD5E37600A61195 /* Release */,
			);
			defaultConfigurationIsVisible = 0;
			defaultConfigurationName = Release;
		};
		BCAFB0F71DD5E37600A61195 /* Build configuration list for PBXNativeTarget "UIImage+KYCategory_DEMO" */ = {
			isa = XCConfigurationList;
			buildConfigurations = (
				BCAFB0F81DD5E37600A61195 /* Debug */,
				BCAFB0F91DD5E37600A61195 /* Release */,
			);
			defaultConfigurationIsVisible = 0;
			defaultConfigurationName = Release;
		};
/* End XCConfigurationList section */
	};
	rootObject = BCAFB0D81DD5E37600A61195 /* Project object */;
}
